
Microsoft Visual Studio Solution File, Format Version 12.00
# Visual Studio Version 16
VisualStudioVersion = 16.0.31205.134
MinimumVisualStudioVersion = 10.0.40219.1
Project("{FAE04EC0-301F-11D3-BF4B-00C04F79EFBC}") = "CustomerMangementAPI", "CustomerMangementAPI\CustomerMangementAPI.csproj", "{3DBADC31-CCD7-44D6-801C-CEC62437E23F}"
EndProject
Global
	GlobalSection(SolutionConfigurationPlatforms) = preSolution
		Debug|Any CPU = Debug|Any CPU
		Release|Any CPU = Release|Any CPU
	EndGlobalSection
	GlobalSection(ProjectConfigurationPlatforms) = postSolution
		{3DBADC31-CCD7-44D6-801C-CEC62437E23F}.Debug|Any CPU.ActiveCfg = Debug|Any CPU
		{3DBADC31-CCD7-44D6-801C-CEC62437E23F}.Debug|Any CPU.Build.0 = Debug|Any CPU
		{3DBADC31-CCD7-44D6-801C-CEC62437E23F}.Release|Any CPU.ActiveCfg = Release|Any CPU
		{3DBADC31-CCD7-44D6-801C-CEC62437E23F}.Release|Any CPU.Build.0 = Release|Any CPU
	EndGlobalSection
	GlobalSection(SolutionProperties) = preSolution
		HideSolutionNode = FALSE
	EndGlobalSection
	GlobalSection(ExtensibilityGlobals) = postSolution
		SolutionGuid = {238AD0A7-553D-4D7A-B95E-42FCCD0D48C7}
	EndGlobalSection
EndGlobal
